
Microsoft Visual Studio Solution File, Format Version 12.00
# Visual Studio Version 17
VisualStudioVersion = 17.1.32407.343
MinimumVisualStudioVersion = 10.0.40219.1
Project("{FAE04EC0-301F-11D3-BF4B-00C04F79EFBC}") = "CoffeeShopRegistration", "CoffeeShopRegistration.csproj", "{D9C095E4-6E96-4CA6-B0DF-E5F16BCD49AB}"
EndProject
Global
	GlobalSection(SolutionConfigurationPlatforms) = preSolution
		Debug|Any CPU = Debug|Any CPU
		Release|Any CPU = Release|Any CPU
	EndGlobalSection
	GlobalSection(ProjectConfigurationPlatforms) = postSolution
		{D9C095E4-6E96-4CA6-B0DF-E5F16BCD49AB}.Debug|Any CPU.ActiveCfg = Debug|Any CPU
		{D9C095E4-6E96-4CA6-B0DF-E5F16BCD49AB}.Debug|Any CPU.Build.0 = Debug|Any CPU
		{D9C095E4-6E96-4CA6-B0DF-E5F16BCD49AB}.Release|Any CPU.ActiveCfg = Release|Any CPU
		{D9C095E4-6E96-4CA6-B0DF-E5F16BCD49AB}.Release|Any CPU.Build.0 = Release|Any CPU
	EndGlobalSection
	GlobalSection(SolutionProperties) = preSolution
		HideSolutionNode = FALSE
	EndGlobalSection
	GlobalSection(ExtensibilityGlobals) = postSolution
		SolutionGuid = {1DBBD351-F797-4CBA-B1B7-374A79300296}
	EndGlobalSection
EndGlobal
